// !$*UTF8*$!
{
	archiveVersion = 1;
	classes = {
	};
	objectVersion = 56;
	objects = {

/* Begin PBXBuildFile section */
		68A3063D294CD0A6003786E7 /* AppConstants.swift in Sources */ = {isa = PBXBuildFile; fileRef = 68A3063C294CD0A6003786E7 /* AppConstants.swift */; };
		68EB5D4D294A3B3B0008FD20 /* AppDelegate.swift in Sources */ = {isa = PBXBuildFile; fileRef = 68EB5D4C294A3B3B0008FD20 /* AppDelegate.swift */; };
		68EB5D4F294A3B3B0008FD20 /* SceneDelegate.swift in Sources */ = {isa = PBXBuildFile; fileRef = 68EB5D4E294A3B3B0008FD20 /* SceneDelegate.swift */; };
		68EB5D51294A3B3B0008FD20 /* ViewController.swift in Sources */ = {isa = PBXBuildFile; fileRef = 68EB5D50294A3B3B0008FD20 /* ViewController.swift */; };
		68EB5D54294A3B3B0008FD20 /* Main.storyboard in Resources */ = {isa = PBXBuildFile; fileRef = 68EB5D52294A3B3B0008FD20 /* Main.storyboard */; };
		68EB5D56294A3B3C0008FD20 /* Assets.xcassets in Resources */ = {isa = PBXBuildFile; fileRef = 68EB5D55294A3B3C0008FD20 /* Assets.xcassets */; };
		68EB5D59294A3B3C0008FD20 /* LaunchScreen.storyboard in Resources */ = {isa = PBXBuildFile; fileRef = 68EB5D57294A3B3C0008FD20 /* LaunchScreen.storyboard */; };
		68EB5D67294A43490008FD20 /* LoginViewController.swift in Sources */ = {isa = PBXBuildFile; fileRef = 68EB5D66294A43490008FD20 /* LoginViewController.swift */; };
		68EB5D71294A701E0008FD20 /* CreateAccountViewController.swift in Sources */ = {isa = PBXBuildFile; fileRef = 68EB5D70294A701E0008FD20 /* CreateAccountViewController.swift */; };
		68EB5D73294A73330008FD20 /* GoogleService-Info.plist in Resources */ = {isa = PBXBuildFile; fileRef = 68EB5D72294A73330008FD20 /* GoogleService-Info.plist */; };
		68EB5D76294A73FD0008FD20 /* FirebaseAuth in Frameworks */ = {isa = PBXBuildFile; productRef = 68EB5D75294A73FD0008FD20 /* FirebaseAuth */; };
		68EB5D78294A82C00008FD20 /* CustomTableViewCell.swift in Sources */ = {isa = PBXBuildFile; fileRef = 68EB5D77294A82C00008FD20 /* CustomTableViewCell.swift */; };
		68EB5D7A294A89340008FD20 /* List.swift in Sources */ = {isa = PBXBuildFile; fileRef = 68EB5D79294A89340008FD20 /* List.swift */; };
		68EB5D7C294A8C080008FD20 /* ViewModelList.swift in Sources */ = {isa = PBXBuildFile; fileRef = 68EB5D7B294A8C080008FD20 /* ViewModelList.swift */; };
		68EB5D7F294AA0190008FD20 /* Image.swift in Sources */ = {isa = PBXBuildFile; fileRef = 68EB5D7E294AA0190008FD20 /* Image.swift */; };
		68EB5D81294AE0610008FD20 /* DetailViewController.swift in Sources */ = {isa = PBXBuildFile; fileRef = 68EB5D80294AE0610008FD20 /* DetailViewController.swift */; };
/* End PBXBuildFile section */

/* Begin PBXFileReference section */
		68A3063C294CD0A6003786E7 /* AppConstants.swift */ = {isa = PBXFileReference; lastKnownFileType = sourcecode.swift; path = AppConstants.swift; sourceTree = "<group>"; };
		68EB5D49294A3B3B0008FD20 /* BookOutlet.app */ = {isa = PBXFileReference; explicitFileType = wrapper.application; includeInIndex = 0; path = BookOutlet.app; sourceTree = BUILT_PRODUCTS_DIR; };
		68EB5D4C294A3B3B0008FD20 /* AppDelegate.swift */ = {isa = PBXFileReference; lastKnownFileType = sourcecode.swift; path = AppDelegate.swift; sourceTree = "<group>"; };
		68EB5D4E294A3B3B0008FD20 /* SceneDelegate.swift */ = {isa = PBXFileReference; lastKnownFileType = sourcecode.swift; path = SceneDelegate.swift; sourceTree = "<group>"; };
		68EB5D50294A3B3B0008FD20 /* ViewController.swift */ = {isa = PBXFileReference; lastKnownFileType = sourcecode.swift; path = ViewController.swift; sourceTree = "<group>"; };
		68EB5D53294A3B3B0008FD20 /* Base */ = {isa = PBXFileReference; lastKnownFileType = file.storyboard; name = Base; path = Base.lproj/Main.storyboard; sourceTree = "<group>"; };
		68EB5D55294A3B3C0008FD20 /* Assets.xcassets */ = {isa = PBXFileReference; lastKnownFileType = folder.assetcatalog; path = Assets.xcassets; sourceTree = "<group>"; };
		68EB5D58294A3B3C0008FD20 /* Base */ = {isa = PBXFileReference; lastKnownFileType = file.storyboard; name = Base; path = Base.lproj/LaunchScreen.storyboard; sourceTree = "<group>"; };
		68EB5D5A294A3B3C0008FD20 /* Info.plist */ = {isa = PBXFileReference; lastKnownFileType = text.plist.xml; path = Info.plist; sourceTree = "<group>"; };
		68EB5D66294A43490008FD20 /* LoginViewController.swift */ = {isa = PBXFileReference; lastKnownFileType = sourcecode.swift; path = LoginViewController.swift; sourceTree = "<group>"; };
		68EB5D70294A701E0008FD20 /* CreateAccountViewController.swift */ = {isa = PBXFileReference; lastKnownFileType = sourcecode.swift; path = CreateAccountViewController.swift; sourceTree = "<group>"; };
		68EB5D72294A73330008FD20 /* GoogleService-Info.plist */ = {isa = PBXFileReference; fileEncoding = 4; lastKnownFileType = text.plist.xml; path = "GoogleService-Info.plist"; sourceTree = "<group>"; };
		68EB5D77294A82C00008FD20 /* CustomTableViewCell.swift */ = {isa = PBXFileReference; lastKnownFileType = sourcecode.swift; path = CustomTableViewCell.swift; sourceTree = "<group>"; };
		68EB5D79294A89340008FD20 /* List.swift */ = {isa = PBXFileReference; lastKnownFileType = sourcecode.swift; path = List.swift; sourceTree = "<group>"; };
		68EB5D7B294A8C080008FD20 /* ViewModelList.swift */ = {isa = PBXFileReference; lastKnownFileType = sourcecode.swift; path = ViewModelList.swift; sourceTree = "<group>"; };
		68EB5D7E294AA0190008FD20 /* Image.swift */ = {isa = PBXFileReference; lastKnownFileType = sourcecode.swift; path = Image.swift; sourceTree = "<group>"; };
		68EB5D80294AE0610008FD20 /* DetailViewController.swift */ = {isa = PBXFileReference; lastKnownFileType = sourcecode.swift; path = DetailViewController.swift; sourceTree = "<group>"; };
/* End PBXFileReference section */

/* Begin PBXFrameworksBuildPhase section */
		68EB5D46294A3B3B0008FD20 /* Frameworks */ = {
			isa = PBXFrameworksBuildPhase;
			buildActionMask = 2147483647;
			files = (
				68EB5D76294A73FD0008FD20 /* FirebaseAuth in Frameworks */,
			);
			runOnlyForDeploymentPostprocessing = 0;
		};
/* End PBXFrameworksBuildPhase section */

/* Begin PBXGroup section */
		68A30639294CD04A003786E7 /* SceneDelegate */ = {
			isa = PBXGroup;
			children = (
				68EB5D4E294A3B3B0008FD20 /* SceneDelegate.swift */,
			);
			path = SceneDelegate;
			sourceTree = "<group>";
		};
		68A3063A294CD069003786E7 /* AppDelegate */ = {
			isa = PBXGroup;
			children = (
				68EB5D4C294A3B3B0008FD20 /* AppDelegate.swift */,
			);
			path = AppDelegate;
			sourceTree = "<group>";
		};
		68A3063B294CD08A003786E7 /* Constants */ = {
			isa = PBXGroup;
			children = (
				68A3063C294CD0A6003786E7 /* AppConstants.swift */,
			);
			path = Constants;
			sourceTree = "<group>";
		};
		68A3063E294CD0ED003786E7 /* Storyboard */ = {
			isa = PBXGroup;
			children = (
				68EB5D52294A3B3B0008FD20 /* Main.storyboard */,
				68EB5D57294A3B3C0008FD20 /* LaunchScreen.storyboard */,
			);
			path = Storyboard;
			sourceTree = "<group>";
		};
		68A3063F294CD114003786E7 /* Resources */ = {
			isa = PBXGroup;
			children = (
				68EB5D55294A3B3C0008FD20 /* Assets.xcassets */,
			);
			path = Resources;
			sourceTree = "<group>";
		};
		68A30640294CD142003786E7 /* Modules */ = {
			isa = PBXGroup;
			children = (
				68EB5D63294A3D330008FD20 /* Model */,
				68EB5D62294A3D2C0008FD20 /* View */,
				68EB5D61294A3D210008FD20 /* ViewModel */,
			);
			path = Modules;
			sourceTree = "<group>";
		};
		68A30641294CD39D003786E7 /* BookDetail */ = {
			isa = PBXGroup;
			children = (
				68EB5D80294AE0610008FD20 /* DetailViewController.swift */,
			);
			path = BookDetail;
			sourceTree = "<group>";
		};
		68A30642294CD3E3003786E7 /* BookCustomTable */ = {
			isa = PBXGroup;
			children = (
				68EB5D77294A82C00008FD20 /* CustomTableViewCell.swift */,
			);
			path = BookCustomTable;
			sourceTree = "<group>";
		};
		68A30643294CD42E003786E7 /* Services */ = {
			isa = PBXGroup;
			children = (
				68EB5D7E294AA0190008FD20 /* Image.swift */,
			);
			path = Services;
			sourceTree = "<group>";
		};
		68A30644294CD478003786E7 /* BookList */ = {
			isa = PBXGroup;
			children = (
				68A30646294CD49A003786E7 /* Controller */,
			);
			path = BookList;
			sourceTree = "<group>";
		};
		68A30645294CD482003786E7 /* Authentication */ = {
			isa = PBXGroup;
			children = (
				68A30648294CD4F7003786E7 /* Login */,
				68A30647294CD4EC003786E7 /* Signup */,
			);
			path = Authentication;
			sourceTree = "<group>";
		};
		68A30646294CD49A003786E7 /* Controller */ = {
			isa = PBXGroup;
			children = (
				68EB5D50294A3B3B0008FD20 /* ViewController.swift */,
			);
			path = Controller;
			sourceTree = "<group>";
		};
		68A30647294CD4EC003786E7 /* Signup */ = {
			isa = PBXGroup;
			children = (
				68EB5D70294A701E0008FD20 /* CreateAccountViewController.swift */,
			);
			path = Signup;
			sourceTree = "<group>";
		};
		68A30648294CD4F7003786E7 /* Login */ = {
			isa = PBXGroup;
			children = (
				68EB5D66294A43490008FD20 /* LoginViewController.swift */,
			);
			path = Login;
			sourceTree = "<group>";
		};
		68EB5D40294A3B3B0008FD20 = {
			isa = PBXGroup;
			children = (
				68EB5D4B294A3B3B0008FD20 /* BookOutlet */,
				68EB5D4A294A3B3B0008FD20 /* Products */,
			);
			sourceTree = "<group>";
		};
		68EB5D4A294A3B3B0008FD20 /* Products */ = {
			isa = PBXGroup;
			children = (
				68EB5D49294A3B3B0008FD20 /* BookOutlet.app */,
			);
			name = Products;
			sourceTree = "<group>";
		};
		68EB5D4B294A3B3B0008FD20 /* BookOutlet */ = {
			isa = PBXGroup;
			children = (
				68A30643294CD42E003786E7 /* Services */,
				68A3063F294CD114003786E7 /* Resources */,
				68A3063E294CD0ED003786E7 /* Storyboard */,
				68A3063B294CD08A003786E7 /* Constants */,
				68A3063A294CD069003786E7 /* AppDelegate */,
				68A30639294CD04A003786E7 /* SceneDelegate */,
				68A30640294CD142003786E7 /* Modules */,
				68EB5D5A294A3B3C0008FD20 /* Info.plist */,
				68EB5D72294A73330008FD20 /* GoogleService-Info.plist */,
			);
			path = BookOutlet;
			sourceTree = "<group>";
		};
		68EB5D61294A3D210008FD20 /* ViewModel */ = {
			isa = PBXGroup;
			children = (
				68A30645294CD482003786E7 /* Authentication */,
				68A30644294CD478003786E7 /* BookList */,
				68EB5D7B294A8C080008FD20 /* ViewModelList.swift */,
			);
			path = ViewModel;
			sourceTree = "<group>";
		};
		68EB5D62294A3D2C0008FD20 /* View */ = {
			isa = PBXGroup;
			children = (
				68A30642294CD3E3003786E7 /* BookCustomTable */,
				68A30641294CD39D003786E7 /* BookDetail */,
			);
			path = View;
			sourceTree = "<group>";
		};
		68EB5D63294A3D330008FD20 /* Model */ = {
			isa = PBXGroup;
			children = (
				68EB5D79294A89340008FD20 /* List.swift */,
			);
			path = Model;
			sourceTree = "<group>";
		};
/* End PBXGroup section */

/* Begin PBXNativeTarget section */
		68EB5D48294A3B3B0008FD20 /* BookOutlet */ = {
			isa = PBXNativeTarget;
			buildConfigurationList = 68EB5D5D294A3B3C0008FD20 /* Build configuration list for PBXNativeTarget "BookOutlet" */;
			buildPhases = (
				68EB5D45294A3B3B0008FD20 /* Sources */,
				68EB5D46294A3B3B0008FD20 /* Frameworks */,
				68EB5D47294A3B3B0008FD20 /* Resources */,
			);
			buildRules = (
			);
			dependencies = (
			);
			name = BookOutlet;
			packageProductDependencies = (
				68EB5D75294A73FD0008FD20 /* FirebaseAuth */,
			);
			productName = BookOutlet;
			productReference = 68EB5D49294A3B3B0008FD20 /* BookOutlet.app */;
			productType = "com.apple.product-type.application";
		};
/* End PBXNativeTarget section */

/* Begin PBXProject section */
		68EB5D41294A3B3B0008FD20 /* Project object */ = {
			isa = PBXProject;
			attributes = {
				BuildIndependentTargetsInParallel = 1;
				LastSwiftUpdateCheck = 1410;
				LastUpgradeCheck = 1410;
				TargetAttributes = {
					68EB5D48294A3B3B0008FD20 = {
						CreatedOnToolsVersion = 14.1;
					};
				};
			};
			buildConfigurationList = 68EB5D44294A3B3B0008FD20 /* Build configuration list for PBXProject "BookOutlet" */;
			compatibilityVersion = "Xcode 14.0";
			developmentRegion = en;
			hasScannedForEncodings = 0;
			knownRegions = (
				en,
				Base,
			);
			mainGroup = 68EB5D40294A3B3B0008FD20;
			packageReferences = (
				68EB5D74294A73FD0008FD20 /* XCRemoteSwiftPackageReference "firebase-ios-sdk" */,
			);
			productRefGroup = 68EB5D4A294A3B3B0008FD20 /* Products */;
			projectDirPath = "";
			projectRoot = "";
			targets = (
				68EB5D48294A3B3B0008FD20 /* BookOutlet */,
			);
		};
/* End PBXProject section */

/* Begin PBXResourcesBuildPhase section */
		68EB5D47294A3B3B0008FD20 /* Resources */ = {
			isa = PBXResourcesBuildPhase;
			buildActionMask = 2147483647;
			files = (
				68EB5D59294A3B3C0008FD20 /* LaunchScreen.storyboard in Resources */,
				68EB5D73294A73330008FD20 /* GoogleService-Info.plist in Resources */,
				68EB5D56294A3B3C0008FD20 /* Assets.xcassets in Resources */,
				68EB5D54294A3B3B0008FD20 /* Main.storyboard in Resources */,
			);
			runOnlyForDeploymentPostprocessing = 0;
		};
/* End PBXResourcesBuildPhase section */

/* Begin PBXSourcesBuildPhase section */
		68EB5D45294A3B3B0008FD20 /* Sources */ = {
			isa = PBXSourcesBuildPhase;
			buildActionMask = 2147483647;
			files = (
				68EB5D78294A82C00008FD20 /* CustomTableViewCell.swift in Sources */,
				68EB5D7F294AA0190008FD20 /* Image.swift in Sources */,
				68EB5D71294A701E0008FD20 /* CreateAccountViewController.swift in Sources */,
				68A3063D294CD0A6003786E7 /* AppConstants.swift in Sources */,
				68EB5D7A294A89340008FD20 /* List.swift in Sources */,
				68EB5D67294A43490008FD20 /* LoginViewController.swift in Sources */,
				68EB5D51294A3B3B0008FD20 /* ViewController.swift in Sources */,
				68EB5D4D294A3B3B0008FD20 /* AppDelegate.swift in Sources */,
				68EB5D81294AE0610008FD20 /* DetailViewController.swift in Sources */,
				68EB5D7C294A8C080008FD20 /* ViewModelList.swift in Sources */,
				68EB5D4F294A3B3B0008FD20 /* SceneDelegate.swift in Sources */,
			);
			runOnlyForDeploymentPostprocessing = 0;
		};
/* End PBXSourcesBuildPhase section */

/* Begin PBXVariantGroup section */
		68EB5D52294A3B3B0008FD20 /* Main.storyboard */ = {
			isa = PBXVariantGroup;
			children = (
				68EB5D53294A3B3B0008FD20 /* Base */,
			);
			name = Main.storyboard;
			sourceTree = "<group>";
		};
		68EB5D57294A3B3C0008FD20 /* LaunchScreen.storyboard */ = {
			isa = PBXVariantGroup;
			children = (
				68EB5D58294A3B3C0008FD20 /* Base */,
			);
			name = LaunchScreen.storyboard;
			sourceTree = "<group>";
		};
/* End PBXVariantGroup section */

/* Begin XCBuildConfiguration section */
		68EB5D5B294A3B3C0008FD20 /* Debug */ = {
			isa = XCBuildConfiguration;
			buildSettings = {
				ALWAYS_SEARCH_USER_PATHS = NO;
				CLANG_ANALYZER_NONNULL = YES;
				CLANG_ANALYZER_NUMBER_OBJECT_CONVERSION = YES_AGGRESSIVE;
				CLANG_CXX_LANGUAGE_STANDARD = "gnu++20";
				CLANG_ENABLE_MODULES = YES;
				CLANG_ENABLE_OBJC_ARC = YES;
				CLANG_ENABLE_OBJC_WEAK = YES;
				CLANG_WARN_BLOCK_CAPTURE_AUTORELEASING = YES;
				CLANG_WARN_BOOL_CONVERSION = YES;
				CLANG_WARN_COMMA = YES;
				CLANG_WARN_CONSTANT_CONVERSION = YES;
				CLANG_WARN_DEPRECATED_OBJC_IMPLEMENTATIONS = YES;
				CLANG_WARN_DIRECT_OBJC_ISA_USAGE = YES_ERROR;
				CLANG_WARN_DOCUMENTATION_COMMENTS = YES;
				CLANG_WARN_EMPTY_BODY = YES;
				CLANG_WARN_ENUM_CONVERSION = YES;
				CLANG_WARN_INFINITE_RECURSION = YES;
				CLANG_WARN_INT_CONVERSION = YES;
				CLANG_WARN_NON_LITERAL_NULL_CONVERSION = YES;
				CLANG_WARN_OBJC_IMPLICIT_RETAIN_SELF = YES;
				CLANG_WARN_OBJC_LITERAL_CONVERSION = YES;
				CLANG_WARN_OBJC_ROOT_CLASS = YES_ERROR;
				CLANG_WARN_QUOTED_INCLUDE_IN_FRAMEWORK_HEADER = YES;
				CLANG_WARN_RANGE_LOOP_ANALYSIS = YES;
				CLANG_WARN_STRICT_PROTOTYPES = YES;
				CLANG_WARN_SUSPICIOUS_MOVE = YES;
				CLANG_WARN_UNGUARDED_AVAILABILITY = YES_AGGRESSIVE;
				CLANG_WARN_UNREACHABLE_CODE = YES;
				CLANG_WARN__DUPLICATE_METHOD_MATCH = YES;
				COPY_PHASE_STRIP = NO;
				DEBUG_INFORMATION_FORMAT = dwarf;
				ENABLE_STRICT_OBJC_MSGSEND = YES;
				ENABLE_TESTABILITY = YES;
				GCC_C_LANGUAGE_STANDARD = gnu11;
				GCC_DYNAMIC_NO_PIC = NO;
				GCC_NO_COMMON_BLOCKS = YES;
				GCC_OPTIMIZATION_LEVEL = 0;
				GCC_PREPROCESSOR_DEFINITIONS = (
					"DEBUG=1",
					"$(inherited)",
				);
				GCC_WARN_64_TO_32_BIT_CONVERSION = YES;
				GCC_WARN_ABOUT_RETURN_TYPE = YES_ERROR;
				GCC_WARN_UNDECLARED_SELECTOR = YES;
				GCC_WARN_UNINITIALIZED_AUTOS = YES_AGGRESSIVE;
				GCC_WARN_UNUSED_FUNCTION = YES;
				GCC_WARN_UNUSED_VARIABLE = YES;
				IPHONEOS_DEPLOYMENT_TARGET = 16.1;
				MTL_ENABLE_DEBUG_INFO = INCLUDE_SOURCE;
				MTL_FAST_MATH = YES;
				ONLY_ACTIVE_ARCH = YES;
				SDKROOT = iphoneos;
				SWIFT_ACTIVE_COMPILATION_CONDITIONS = DEBUG;
				SWIFT_OPTIMIZATION_LEVEL = "-Onone";
			};
			name = Debug;
		};
		68EB5D5C294A3B3C0008FD20 /* Release */ = {
			isa = XCBuildConfiguration;
			buildSettings = {
				ALWAYS_SEARCH_USER_PATHS = NO;
				CLANG_ANALYZER_NONNULL = YES;
				CLANG_ANALYZER_NUMBER_OBJECT_CONVERSION = YES_AGGRESSIVE;
				CLANG_CXX_LANGUAGE_STANDARD = "gnu++20";
				CLANG_ENABLE_MODULES = YES;
				CLANG_ENABLE_OBJC_ARC = YES;
				CLANG_ENABLE_OBJC_WEAK = YES;
				CLANG_WARN_BLOCK_CAPTURE_AUTORELEASING = YES;
				CLANG_WARN_BOOL_CONVERSION = YES;
				CLANG_WARN_COMMA = YES;
				CLANG_WARN_CONSTANT_CONVERSION = YES;
				CLANG_WARN_DEPRECATED_OBJC_IMPLEMENTATIONS = YES;
				CLANG_WARN_DIRECT_OBJC_ISA_USAGE = YES_ERROR;
				CLANG_WARN_DOCUMENTATION_COMMENTS = YES;
				CLANG_WARN_EMPTY_BODY = YES;
				CLANG_WARN_ENUM_CONVERSION = YES;
				CLANG_WARN_INFINITE_RECURSION = YES;
				CLANG_WARN_INT_CONVERSION = YES;
				CLANG_WARN_NON_LITERAL_NULL_CONVERSION = YES;
				CLANG_WARN_OBJC_IMPLICIT_RETAIN_SELF = YES;
				CLANG_WARN_OBJC_LITERAL_CONVERSION = YES;
				CLANG_WARN_OBJC_ROOT_CLASS = YES_ERROR;
				CLANG_WARN_QUOTED_INCLUDE_IN_FRAMEWORK_HEADER = YES;
				CLANG_WARN_RANGE_LOOP_ANALYSIS = YES;
				CLANG_WARN_STRICT_PROTOTYPES = YES;
				CLANG_WARN_SUSPICIOUS_MOVE = YES;
				CLANG_WARN_UNGUARDED_AVAILABILITY = YES_AGGRESSIVE;
				CLANG_WARN_UNREACHABLE_CODE = YES;
				CLANG_WARN__DUPLICATE_METHOD_MATCH = YES;
				COPY_PHASE_STRIP = NO;
				DEBUG_INFORMATION_FORMAT = "dwarf-with-dsym";
				ENABLE_NS_ASSERTIONS = NO;
				ENABLE_STRICT_OBJC_MSGSEND = YES;
				GCC_C_LANGUAGE_STANDARD = gnu11;
				GCC_NO_COMMON_BLOCKS = YES;
				GCC_WARN_64_TO_32_BIT_CONVERSION = YES;
				GCC_WARN_ABOUT_RETURN_TYPE = YES_ERROR;
				GCC_WARN_UNDECLARED_SELECTOR = YES;
				GCC_WARN_UNINITIALIZED_AUTOS = YES_AGGRESSIVE;
				GCC_WARN_UNUSED_FUNCTION = YES;
				GCC_WARN_UNUSED_VARIABLE = YES;
				IPHONEOS_DEPLOYMENT_TARGET = 16.1;
				MTL_ENABLE_DEBUG_INFO = NO;
				MTL_FAST_MATH = YES;
				SDKROOT = iphoneos;
				SWIFT_COMPILATION_MODE = wholemodule;
				SWIFT_OPTIMIZATION_LEVEL = "-O";
				VALIDATE_PRODUCT = YES;
			};
			name = Release;
		};
		68EB5D5E294A3B3C0008FD20 /* Debug */ = {
			isa = XCBuildConfiguration;
			buildSettings = {
				ASSETCATALOG_COMPILER_APPICON_NAME = AppIcon;
				ASSETCATALOG_COMPILER_GLOBAL_ACCENT_COLOR_NAME = AccentColor;
				CODE_SIGN_STYLE = Automatic;
				CURRENT_PROJECT_VERSION = 1;
				DEVELOPMENT_TEAM = J8R9984PRV;
				GENERATE_INFOPLIST_FILE = YES;
				INFOPLIST_FILE = BookOutlet/Info.plist;
				INFOPLIST_KEY_UIApplicationSupportsIndirectInputEvents = YES;
				INFOPLIST_KEY_UILaunchStoryboardName = LaunchScreen;
				INFOPLIST_KEY_UIMainStoryboardFile = Main;
				INFOPLIST_KEY_UISupportedInterfaceOrientations_iPad = "UIInterfaceOrientationPortrait UIInterfaceOrientationPortraitUpsideDown UIInterfaceOrientationLandscapeLeft UIInterfaceOrientationLandscapeRight";
				INFOPLIST_KEY_UISupportedInterfaceOrientations_iPhone = "UIInterfaceOrientationPortrait UIInterfaceOrientationLandscapeLeft UIInterfaceOrientationLandscapeRight";
				LD_RUNPATH_SEARCH_PATHS = (
					"$(inherited)",
					"@executable_path/Frameworks",
				);
				MARKETING_VERSION = 1.0;
				PRODUCT_BUNDLE_IDENTIFIER = pe.fernandosalas.BookOutlet;
				PRODUCT_NAME = "$(TARGET_NAME)";
				SWIFT_EMIT_LOC_STRINGS = YES;
				SWIFT_VERSION = 5.0;
				TARGETED_DEVICE_FAMILY = "1,2";
			};
			name = Debug;
		};
		68EB5D5F294A3B3C0008FD20 /* Release */ = {
			isa = XCBuildConfiguration;
			buildSettings = {
				ASSETCATALOG_COMPILER_APPICON_NAME = AppIcon;
				ASSETCATALOG_COMPILER_GLOBAL_ACCENT_COLOR_NAME = AccentColor;
				CODE_SIGN_STYLE = Automatic;
				CURRENT_PROJECT_VERSION = 1;
				DEVELOPMENT_TEAM = J8R9984PRV;
				GENERATE_INFOPLIST_FILE = YES;
				INFOPLIST_FILE = BookOutlet/Info.plist;
				INFOPLIST_KEY_UIApplicationSupportsIndirectInputEvents = YES;
				INFOPLIST_KEY_UILaunchStoryboardName = LaunchScreen;
				INFOPLIST_KEY_UIMainStoryboardFile = Main;
				INFOPLIST_KEY_UISupportedInterfaceOrientations_iPad = "UIInterfaceOrientationPortrait UIInterfaceOrientationPortraitUpsideDown UIInterfaceOrientationLandscapeLeft UIInterfaceOrientationLandscapeRight";
				INFOPLIST_KEY_UISupportedInterfaceOrientations_iPhone = "UIInterfaceOrientationPortrait UIInterfaceOrientationLandscapeLeft UIInterfaceOrientationLandscapeRight";
				LD_RUNPATH_SEARCH_PATHS = (
					"$(inherited)",
					"@executable_path/Frameworks",
				);
				MARKETING_VERSION = 1.0;
				PRODUCT_BUNDLE_IDENTIFIER = pe.fernandosalas.BookOutlet;
				PRODUCT_NAME = "$(TARGET_NAME)";
				SWIFT_EMIT_LOC_STRINGS = YES;
				SWIFT_VERSION = 5.0;
				TARGETED_DEVICE_FAMILY = "1,2";
			};
			name = Release;
		};
/* End XCBuildConfiguration section */

/* Begin XCConfigurationList section */
		68EB5D44294A3B3B0008FD20 /* Build configuration list for PBXProject "BookOutlet" */ = {
			isa = XCConfigurationList;
			buildConfigurations = (
				68EB5D5B294A3B3C0008FD20 /* Debug */,
				68EB5D5C294A3B3C0008FD20 /* Release */,
			);
			defaultConfigurationIsVisible = 0;
			defaultConfigurationName = Release;
		};
		68EB5D5D294A3B3C0008FD20 /* Build configuration list for PBXNativeTarget "BookOutlet" */ = {
			isa = XCConfigurationList;
			buildConfigurations = (
				68EB5D5E294A3B3C0008FD20 /* Debug */,
				68EB5D5F294A3B3C0008FD20 /* Release */,
			);
			defaultConfigurationIsVisible = 0;
			defaultConfigurationName = Release;
		};
/* End XCConfigurationList section */

/* Begin XCRemoteSwiftPackageReference section */
		68EB5D74294A73FD0008FD20 /* XCRemoteSwiftPackageReference "firebase-ios-sdk" */ = {
			isa = XCRemoteSwiftPackageReference;
			repositoryURL = "https://github.com/firebase/firebase-ios-sdk";
			requirement = {
				branch = master;
				kind = branch;
			};
		};
/* End XCRemoteSwiftPackageReference section */

/* Begin XCSwiftPackageProductDependency section */
		68EB5D75294A73FD0008FD20 /* FirebaseAuth */ = {
			isa = XCSwiftPackageProductDependency;
			package = 68EB5D74294A73FD0008FD20 /* XCRemoteSwiftPackageReference "firebase-ios-sdk" */;
			productName = FirebaseAuth;
		};
/* End XCSwiftPackageProductDependency section */
	};
	rootObject = 68EB5D41294A3B3B0008FD20 /* Project object */;
}
